// !$*UTF8*$!
{
	archiveVersion = 1;
	classes = {
	};
	objectVersion = 46;
	objects = {

/* Begin PBXBuildFile section */
		38B3150B1B8B0A3800A7B82F /* main.m in Sources */ = {isa = PBXBuildFile; fileRef = 38B3150A1B8B0A3800A7B82F /* main.m */; };
		38B3150E1B8B0A3800A7B82F /* AppDelegate.m in Sources */ = {isa = PBXBuildFile; fileRef = 38B3150D1B8B0A3800A7B82F /* AppDelegate.m */; };
		38B315141B8B0A3800A7B82F /* Main.storyboard in Resources */ = {isa = PBXBuildFile; fileRef = 38B315121B8B0A3800A7B82F /* Main.storyboard */; };
		38B315161B8B0A3800A7B82F /* Images.xcassets in Resources */ = {isa = PBXBuildFile; fileRef = 38B315151B8B0A3800A7B82F /* Images.xcassets */; };
		38B315191B8B0A3800A7B82F /* LaunchScreen.xib in Resources */ = {isa = PBXBuildFile; fileRef = 38B315171B8B0A3800A7B82F /* LaunchScreen.xib */; };
		38B315251B8B0A3800A7B82F /* HGHttpCookiesMasterTests.m in Sources */ = {isa = PBXBuildFile; fileRef = 38B315241B8B0A3800A7B82F /* HGHttpCookiesMasterTests.m */; };
		38B315301B8B0B4400A7B82F /* HGCookiesWebVC.m in Sources */ = {isa = PBXBuildFile; fileRef = 38B3152F1B8B0B4400A7B82F /* HGCookiesWebVC.m */; };
/* End PBXBuildFile section */

/* Begin PBXContainerItemProxy section */
		38B3151F1B8B0A3800A7B82F /* PBXContainerItemProxy */ = {
			isa = PBXContainerItemProxy;
			containerPortal = 38B314FD1B8B0A3800A7B82F /* Project object */;
			proxyType = 1;
			remoteGlobalIDString = 38B315041B8B0A3800A7B82F;
			remoteInfo = HGHttpCookiesMaster;
		};
/* End PBXContainerItemProxy section */

/* Begin PBXFileReference section */
		38B315051B8B0A3800A7B82F /* HGHttpCookiesMaster.app */ = {isa = PBXFileReference; explicitFileType = wrapper.application; includeInIndex = 0; path = HGHttpCookiesMaster.app; sourceTree = BUILT_PRODUCTS_DIR; };
		38B315091B8B0A3800A7B82F /* Info.plist */ = {isa = PBXFileReference; lastKnownFileType = text.plist.xml; path = Info.plist; sourceTree = "<group>"; };
		38B3150A1B8B0A3800A7B82F /* main.m */ = {isa = PBXFileReference; lastKnownFileType = sourcecode.c.objc; path = main.m; sourceTree = "<group>"; };
		38B3150C1B8B0A3800A7B82F /* AppDelegate.h */ = {isa = PBXFileReference; lastKnownFileType = sourcecode.c.h; path = AppDelegate.h; sourceTree = "<group>"; };
		38B3150D1B8B0A3800A7B82F /* AppDelegate.m */ = {isa = PBXFileReference; lastKnownFileType = sourcecode.c.objc; path = AppDelegate.m; sourceTree = "<group>"; };
		38B315131B8B0A3800A7B82F /* Base */ = {isa = PBXFileReference; lastKnownFileType = file.storyboard; name = Base; path = Base.lproj/Main.storyboard; sourceTree = "<group>"; };
		38B315151B8B0A3800A7B82F /* Images.xcassets */ = {isa = PBXFileReference; lastKnownFileType = folder.assetcatalog; path = Images.xcassets; sourceTree = "<group>"; };
		38B315181B8B0A3800A7B82F /* Base */ = {isa = PBXFileReference; lastKnownFileType = file.xib; name = Base; path = Base.lproj/LaunchScreen.xib; sourceTree = "<group>"; };
		38B3151E1B8B0A3800A7B82F /* HGHttpCookiesMasterTests.xctest */ = {isa = PBXFileReference; explicitFileType = wrapper.cfbundle; includeInIndex = 0; path = HGHttpCookiesMasterTests.xctest; sourceTree = BUILT_PRODUCTS_DIR; };
		38B315231B8B0A3800A7B82F /* Info.plist */ = {isa = PBXFileReference; lastKnownFileType = text.plist.xml; path = Info.plist; sourceTree = "<group>"; };
		38B315241B8B0A3800A7B82F /* HGHttpCookiesMasterTests.m */ = {isa = PBXFileReference; lastKnownFileType = sourcecode.c.objc; path = HGHttpCookiesMasterTests.m; sourceTree = "<group>"; };
		38B3152E1B8B0B4400A7B82F /* HGCookiesWebVC.h */ = {isa = PBXFileReference; fileEncoding = 4; lastKnownFileType = sourcecode.c.h; path = HGCookiesWebVC.h; sourceTree = "<group>"; };
		38B3152F1B8B0B4400A7B82F /* HGCookiesWebVC.m */ = {isa = PBXFileReference; fileEncoding = 4; lastKnownFileType = sourcecode.c.objc; path = HGCookiesWebVC.m; sourceTree = "<group>"; };
/* End PBXFileReference section */

/* Begin PBXFrameworksBuildPhase section */
		38B315021B8B0A3800A7B82F /* Frameworks */ = {
			isa = PBXFrameworksBuildPhase;
			buildActionMask = 2147483647;
			files = (
			);
			runOnlyForDeploymentPostprocessing = 0;
		};
		38B3151B1B8B0A3800A7B82F /* Frameworks */ = {
			isa = PBXFrameworksBuildPhase;
			buildActionMask = 2147483647;
			files = (
			);
			runOnlyForDeploymentPostprocessing = 0;
		};
/* End PBXFrameworksBuildPhase section */

/* Begin PBXGroup section */
		38B314FC1B8B0A3800A7B82F = {
			isa = PBXGroup;
			children = (
				38B315071B8B0A3800A7B82F /* HGHttpCookiesMaster */,
				38B315211B8B0A3800A7B82F /* HGHttpCookiesMasterTests */,
				38B315061B8B0A3800A7B82F /* Products */,
			);
			sourceTree = "<group>";
		};
		38B315061B8B0A3800A7B82F /* Products */ = {
			isa = PBXGroup;
			children = (
				38B315051B8B0A3800A7B82F /* HGHttpCookiesMaster.app */,
				38B3151E1B8B0A3800A7B82F /* HGHttpCookiesMasterTests.xctest */,
			);
			name = Products;
			sourceTree = "<group>";
		};
		38B315071B8B0A3800A7B82F /* HGHttpCookiesMaster */ = {
			isa = PBXGroup;
			children = (
				38B3150C1B8B0A3800A7B82F /* AppDelegate.h */,
				38B3150D1B8B0A3800A7B82F /* AppDelegate.m */,
				38B3152E1B8B0B4400A7B82F /* HGCookiesWebVC.h */,
				38B3152F1B8B0B4400A7B82F /* HGCookiesWebVC.m */,
				38B315121B8B0A3800A7B82F /* Main.storyboard */,
				38B315151B8B0A3800A7B82F /* Images.xcassets */,
				38B315171B8B0A3800A7B82F /* LaunchScreen.xib */,
				38B315081B8B0A3800A7B82F /* Supporting Files */,
			);
			path = HGHttpCookiesMaster;
			sourceTree = "<group>";
		};
		38B315081B8B0A3800A7B82F /* Supporting Files */ = {
			isa = PBXGroup;
			children = (
				38B315091B8B0A3800A7B82F /* Info.plist */,
				38B3150A1B8B0A3800A7B82F /* main.m */,
			);
			name = "Supporting Files";
			sourceTree = "<group>";
		};
		38B315211B8B0A3800A7B82F /* HGHttpCookiesMasterTests */ = {
			isa = PBXGroup;
			children = (
				38B315241B8B0A3800A7B82F /* HGHttpCookiesMasterTests.m */,
				38B315221B8B0A3800A7B82F /* Supporting Files */,
			);
			path = HGHttpCookiesMasterTests;
			sourceTree = "<group>";
		};
		38B315221B8B0A3800A7B82F /* Supporting Files */ = {
			isa = PBXGroup;
			children = (
				38B315231B8B0A3800A7B82F /* Info.plist */,
			);
			name = "Supporting Files";
			sourceTree = "<group>";
		};
/* End PBXGroup section */

/* Begin PBXNativeTarget section */
		38B315041B8B0A3800A7B82F /* HGHttpCookiesMaster */ = {
			isa = PBXNativeTarget;
			buildConfigurationList = 38B315281B8B0A3800A7B82F /* Build configuration list for PBXNativeTarget "HGHttpCookiesMaster" */;
			buildPhases = (
				38B315011B8B0A3800A7B82F /* Sources */,
				38B315021B8B0A3800A7B82F /* Frameworks */,
				38B315031B8B0A3800A7B82F /* Resources */,
			);
			buildRules = (
			);
			dependencies = (
			);
			name = HGHttpCookiesMaster;
			productName = HGHttpCookiesMaster;
			productReference = 38B315051B8B0A3800A7B82F /* HGHttpCookiesMaster.app */;
			productType = "com.apple.product-type.application";
		};
		38B3151D1B8B0A3800A7B82F /* HGHttpCookiesMasterTests */ = {
			isa = PBXNativeTarget;
			buildConfigurationList = 38B3152B1B8B0A3800A7B82F /* Build configuration list for PBXNativeTarget "HGHttpCookiesMasterTests" */;
			buildPhases = (
				38B3151A1B8B0A3800A7B82F /* Sources */,
				38B3151B1B8B0A3800A7B82F /* Frameworks */,
				38B3151C1B8B0A3800A7B82F /* Resources */,
			);
			buildRules = (
			);
			dependencies = (
				38B315201B8B0A3800A7B82F /* PBXTargetDependency */,
			);
			name = HGHttpCookiesMasterTests;
			productName = HGHttpCookiesMasterTests;
			productReference = 38B3151E1B8B0A3800A7B82F /* HGHttpCookiesMasterTests.xctest */;
			productType = "com.apple.product-type.bundle.unit-test";
		};
/* End PBXNativeTarget section */

/* Begin PBXProject section */
		38B314FD1B8B0A3800A7B82F /* Project object */ = {
			isa = PBXProject;
			attributes = {
				LastUpgradeCheck = 0640;
				ORGANIZATIONNAME = "北京嗨购电子商务有限公司";
				TargetAttributes = {
					38B315041B8B0A3800A7B82F = {
						CreatedOnToolsVersion = 6.4;
					};
					38B3151D1B8B0A3800A7B82F = {
						CreatedOnToolsVersion = 6.4;
						TestTargetID = 38B315041B8B0A3800A7B82F;
					};
				};
			};
			buildConfigurationList = 38B315001B8B0A3800A7B82F /* Build configuration list for PBXProject "HGHttpCookiesMaster" */;
			compatibilityVersion = "Xcode 3.2";
			developmentRegion = English;
			hasScannedForEncodings = 0;
			knownRegions = (
				en,
				Base,
			);
			mainGroup = 38B314FC1B8B0A3800A7B82F;
			productRefGroup = 38B315061B8B0A3800A7B82F /* Products */;
			projectDirPath = "";
			projectRoot = "";
			targets = (
				38B315041B8B0A3800A7B82F /* HGHttpCookiesMaster */,
				38B3151D1B8B0A3800A7B82F /* HGHttpCookiesMasterTests */,
			);
		};
/* End PBXProject section */

/* Begin PBXResourcesBuildPhase section */
		38B315031B8B0A3800A7B82F /* Resources */ = {
			isa = PBXResourcesBuildPhase;
			buildActionMask = 2147483647;
			files = (
				38B315141B8B0A3800A7B82F /* Main.storyboard in Resources */,
				38B315191B8B0A3800A7B82F /* LaunchScreen.xib in Resources */,
				38B315161B8B0A3800A7B82F /* Images.xcassets in Resources */,
			);
			runOnlyForDeploymentPostprocessing = 0;
		};
		38B3151C1B8B0A3800A7B82F /* Resources */ = {
			isa = PBXResourcesBuildPhase;
			buildActionMask = 2147483647;
			files = (
			);
			runOnlyForDeploymentPostprocessing = 0;
		};
/* End PBXResourcesBuildPhase section */

/* Begin PBXSourcesBuildPhase section */
		38B315011B8B0A3800A7B82F /* Sources */ = {
			isa = PBXSourcesBuildPhase;
			buildActionMask = 2147483647;
			files = (
				38B315301B8B0B4400A7B82F /* HGCookiesWebVC.m in Sources */,
				38B3150E1B8B0A3800A7B82F /* AppDelegate.m in Sources */,
				38B3150B1B8B0A3800A7B82F /* main.m in Sources */,
			);
			runOnlyForDeploymentPostprocessing = 0;
		};
		38B3151A1B8B0A3800A7B82F /* Sources */ = {
			isa = PBXSourcesBuildPhase;
			buildActionMask = 2147483647;
			files = (
				38B315251B8B0A3800A7B82F /* HGHttpCookiesMasterTests.m in Sources */,
			);
			runOnlyForDeploymentPostprocessing = 0;
		};
/* End PBXSourcesBuildPhase section */

/* Begin PBXTargetDependency section */
		38B315201B8B0A3800A7B82F /* PBXTargetDependency */ = {
			isa = PBXTargetDependency;
			target = 38B315041B8B0A3800A7B82F /* HGHttpCookiesMaster */;
			targetProxy = 38B3151F1B8B0A3800A7B82F /* PBXContainerItemProxy */;
		};
/* End PBXTargetDependency section */

/* Begin PBXVariantGroup section */
		38B315121B8B0A3800A7B82F /* Main.storyboard */ = {
			isa = PBXVariantGroup;
			children = (
				38B315131B8B0A3800A7B82F /* Base */,
			);
			name = Main.storyboard;
			sourceTree = "<group>";
		};
		38B315171B8B0A3800A7B82F /* LaunchScreen.xib */ = {
			isa = PBXVariantGroup;
			children = (
				38B315181B8B0A3800A7B82F /* Base */,
			);
			name = LaunchScreen.xib;
			sourceTree = "<group>";
		};
/* End PBXVariantGroup section */

/* Begin XCBuildConfiguration section */
		38B315261B8B0A3800A7B82F /* Debug */ = {
			isa = XCBuildConfiguration;
			buildSettings = {
				ALWAYS_SEARCH_USER_PATHS = NO;
				CLANG_CXX_LANGUAGE_STANDARD = "gnu++0x";
				CLANG_CXX_LIBRARY = "libc++";
				CLANG_ENABLE_MODULES = YES;
				CLANG_ENABLE_OBJC_ARC = YES;
				CLANG_WARN_BOOL_CONVERSION = YES;
				CLANG_WARN_CONSTANT_CONVERSION = YES;
				CLANG_WARN_DIRECT_OBJC_ISA_USAGE = YES_ERROR;
				CLANG_WARN_EMPTY_BODY = YES;
				CLANG_WARN_ENUM_CONVERSION = YES;
				CLANG_WARN_INT_CONVERSION = YES;
				CLANG_WARN_OBJC_ROOT_CLASS = YES_ERROR;
				CLANG_WARN_UNREACHABLE_CODE = YES;
				CLANG_WARN__DUPLICATE_METHOD_MATCH = YES;
				"CODE_SIGN_IDENTITY[sdk=iphoneos*]" = "iPhone Developer";
				COPY_PHASE_STRIP = NO;
				DEBUG_INFORMATION_FORMAT = "dwarf-with-dsym";
				ENABLE_STRICT_OBJC_MSGSEND = YES;
				GCC_C_LANGUAGE_STANDARD = gnu99;
				GCC_DYNAMIC_NO_PIC = NO;
				GCC_NO_COMMON_BLOCKS = YES;
				GCC_OPTIMIZATION_LEVEL = 0;
				GCC_PREPROCESSOR_DEFINITIONS = (
					"DEBUG=1",
					"$(inherited)",
				);
				GCC_SYMBOLS_PRIVATE_EXTERN = NO;
				GCC_WARN_64_TO_32_BIT_CONVERSION = YES;
				GCC_WARN_ABOUT_RETURN_TYPE = YES_ERROR;
				GCC_WARN_UNDECLARED_SELECTOR = YES;
				GCC_WARN_UNINITIALIZED_AUTOS = YES_AGGRESSIVE;
				GCC_WARN_UNUSED_FUNCTION = YES;
				GCC_WARN_UNUSED_VARIABLE = YES;
				IPHONEOS_DEPLOYMENT_TARGET = 8.4;
				MTL_ENABLE_DEBUG_INFO = YES;
				ONLY_ACTIVE_ARCH = YES;
				SDKROOT = iphoneos;
			};
			name = Debug;
		};
		38B315271B8B0A3800A7B82F /* Release */ = {
			isa = XCBuildConfiguration;
			buildSettings = {
				ALWAYS_SEARCH_USER_PATHS = NO;
				CLANG_CXX_LANGUAGE_STANDARD = "gnu++0x";
				CLANG_CXX_LIBRARY = "libc++";
				CLANG_ENABLE_MODULES = YES;
				CLANG_ENABLE_OBJC_ARC = YES;
				CLANG_WARN_BOOL_CONVERSION = YES;
				CLANG_WARN_CONSTANT_CONVERSION = YES;
				CLANG_WARN_DIRECT_OBJC_ISA_USAGE = YES_ERROR;
				CLANG_WARN_EMPTY_BODY = YES;
				CLANG_WARN_ENUM_CONVERSION = YES;
				CLANG_WARN_INT_CONVERSION = YES;
				CLANG_WARN_OBJC_ROOT_CLASS = YES_ERROR;
				CLANG_WARN_UNREACHABLE_CODE = YES;
				CLANG_WARN__DUPLICATE_METHOD_MATCH = YES;
				"CODE_SIGN_IDENTITY[sdk=iphoneos*]" = "iPhone Developer";
				COPY_PHASE_STRIP = NO;
				DEBUG_INFORMATION_FORMAT = "dwarf-with-dsym";
				ENABLE_NS_ASSERTIONS = NO;
				ENABLE_STRICT_OBJC_MSGSEND = YES;
				GCC_C_LANGUAGE_STANDARD = gnu99;
				GCC_NO_COMMON_BLOCKS = YES;
				GCC_WARN_64_TO_32_BIT_CONVERSION = YES;
				GCC_WARN_ABOUT_RETURN_TYPE = YES_ERROR;
				GCC_WARN_UNDECLARED_SELECTOR = YES;
				GCC_WARN_UNINITIALIZED_AUTOS = YES_AGGRESSIVE;
				GCC_WARN_UNUSED_FUNCTION = YES;
				GCC_WARN_UNUSED_VARIABLE = YES;
				IPHONEOS_DEPLOYMENT_TARGET = 8.4;
				MTL_ENABLE_DEBUG_INFO = NO;
				SDKROOT = iphoneos;
				VALIDATE_PRODUCT = YES;
			};
			name = Release;
		};
		38B315291B8B0A3800A7B82F /* Debug */ = {
			isa = XCBuildConfiguration;
			buildSettings = {
				ASSETCATALOG_COMPILER_APPICON_NAME = AppIcon;
				INFOPLIST_FILE = HGHttpCookiesMaster/Info.plist;
				LD_RUNPATH_SEARCH_PATHS = "$(inherited) @executable_path/Frameworks";
				PRODUCT_NAME = "$(TARGET_NAME)";
				PROVISIONING_PROFILE = "26cbe46c-9389-4a65-a368-f19b8db67c3a";
			};
			name = Debug;
		};
		38B3152A1B8B0A3800A7B82F /* Release */ = {
			isa = XCBuildConfiguration;
			buildSettings = {
				ASSETCATALOG_COMPILER_APPICON_NAME = AppIcon;
				CODE_SIGN_IDENTITY = "iPhone Developer: yunxiang xia (PNZR7P6267)";
				"CODE_SIGN_IDENTITY[sdk=iphoneos*]" = "iPhone Developer: yunxiang xia (PNZR7P6267)";
				INFOPLIST_FILE = HGHttpCookiesMaster/Info.plist;
				LD_RUNPATH_SEARCH_PATHS = "$(inherited) @executable_path/Frameworks";
				PRODUCT_NAME = "$(TARGET_NAME)";
				PROVISIONING_PROFILE = "26cbe46c-9389-4a65-a368-f19b8db67c3a";
			};
			name = Release;
		};
		38B3152C1B8B0A3800A7B82F /* Debug */ = {
			isa = XCBuildConfiguration;
			buildSettings = {
				BUNDLE_LOADER = "$(TEST_HOST)";
				FRAMEWORK_SEARCH_PATHS = (
					"$(SDKROOT)/Developer/Library/Frameworks",
					"$(inherited)",
				);
				GCC_PREPROCESSOR_DEFINITIONS = (
					"DEBUG=1",
					"$(inherited)",
				);
				INFOPLIST_FILE = HGHttpCookiesMasterTests/Info.plist;
				LD_RUNPATH_SEARCH_PATHS = "$(inherited) @executable_path/Frameworks @loader_path/Frameworks";
				PRODUCT_NAME = "$(TARGET_NAME)";
				TEST_HOST = "$(BUILT_PRODUCTS_DIR)/HGHttpCookiesMaster.app/HGHttpCookiesMaster";
			};
			name = Debug;
		};
		38B3152D1B8B0A3800A7B82F /* Release */ = {
			isa = XCBuildConfiguration;
			buildSettings = {
				BUNDLE_LOADER = "$(TEST_HOST)";
				FRAMEWORK_SEARCH_PATHS = (
					"$(SDKROOT)/Developer/Library/Frameworks",
					"$(inherited)",
				);
				INFOPLIST_FILE = HGHttpCookiesMasterTests/Info.plist;
				LD_RUNPATH_SEARCH_PATHS = "$(inherited) @executable_path/Frameworks @loader_path/Frameworks";
				PRODUCT_NAME = "$(TARGET_NAME)";
				TEST_HOST = "$(BUILT_PRODUCTS_DIR)/HGHttpCookiesMaster.app/HGHttpCookiesMaster";
			};
			name = Release;
		};
/* End XCBuildConfiguration section */

/* Begin XCConfigurationList section */
		38B315001B8B0A3800A7B82F /* Build configuration list for PBXProject "HGHttpCookiesMaster" */ = {
			isa = XCConfigurationList;
			buildConfigurations = (
				38B315261B8B0A3800A7B82F /* Debug */,
				38B315271B8B0A3800A7B82F /* Release */,
			);
			defaultConfigurationIsVisible = 0;
			defaultConfigurationName = Release;
		};
		38B315281B8B0A3800A7B82F /* Build configuration list for PBXNativeTarget "HGHttpCookiesMaster" */ = {
			isa = XCConfigurationList;
			buildConfigurations = (
				38B315291B8B0A3800A7B82F /* Debug */,
				38B3152A1B8B0A3800A7B82F /* Release */,
			);
			defaultConfigurationIsVisible = 0;
			defaultConfigurationName = Release;
		};
		38B3152B1B8B0A3800A7B82F /* Build configuration list for PBXNativeTarget "HGHttpCookiesMasterTests" */ = {
			isa = XCConfigurationList;
			buildConfigurations = (
				38B3152C1B8B0A3800A7B82F /* Debug */,
				38B3152D1B8B0A3800A7B82F /* Release */,
			);
			defaultConfigurationIsVisible = 0;
			defaultConfigurationName = Release;
		};
/* End XCConfigurationList section */
	};
	rootObject = 38B314FD1B8B0A3800A7B82F /* Project object */;
}
